
Microsoft Visual Studio Solution File, Format Version 12.00
# Visual Studio Version 16
VisualStudioVersion = 16.0.32126.315
MinimumVisualStudioVersion = 10.0.40219.1
Project("{FAE04EC0-301F-11D3-BF4B-00C04F79EFBC}") = "Lab_1", "Lab_1\Lab_1.csproj", "{4E46CFAB-EA29-4A9E-B7E1-42CD9CA8C4F2}"
EndProject
Global
	GlobalSection(SolutionConfigurationPlatforms) = preSolution
		Debug|Any CPU = Debug|Any CPU
		Release|Any CPU = Release|Any CPU
	EndGlobalSection
	GlobalSection(ProjectConfigurationPlatforms) = postSolution
		{4E46CFAB-EA29-4A9E-B7E1-42CD9CA8C4F2}.Debug|Any CPU.ActiveCfg = Debug|Any CPU
		{4E46CFAB-EA29-4A9E-B7E1-42CD9CA8C4F2}.Debug|Any CPU.Build.0 = Debug|Any CPU
		{4E46CFAB-EA29-4A9E-B7E1-42CD9CA8C4F2}.Release|Any CPU.ActiveCfg = Release|Any CPU
		{4E46CFAB-EA29-4A9E-B7E1-42CD9CA8C4F2}.Release|Any CPU.Build.0 = Release|Any CPU
	EndGlobalSection
	GlobalSection(SolutionProperties) = preSolution
		HideSolutionNode = FALSE
	EndGlobalSection
	GlobalSection(ExtensibilityGlobals) = postSolution
		SolutionGuid = {98D7A7BA-E748-447B-AE9F-971283412BDF}
	EndGlobalSection
EndGlobal
